// !$*UTF8*$!
{
	archiveVersion = 1;
	classes = {
	};
	objectVersion = 77;
	objects = {

/* Begin PBXBuildFile section */
		0D4A9D90CDFAFC2AE8C281CC /* DefaultPermissionsService.swift in Sources */ = {isa = PBXBuildFile; fileRef = 26E46C51CC9E8DEAD64CC4E7 /* DefaultPermissionsService.swift */; };
		0E54DD2AAE97127A433EBC0C /* ScreenshotToolApp.swift in Sources */ = {isa = PBXBuildFile; fileRef = EB3C64488E1E78A4656AE9EE /* ScreenshotToolApp.swift */; };
		1009DD093BA663464465DD69 /* PermissionsService.swift in Sources */ = {isa = PBXBuildFile; fileRef = 78F059F6FC8AD03AB17BCE43 /* PermissionsService.swift */; };
		14561089389CBB46680BEC5C /* AppPreferencesStoreTests.swift in Sources */ = {isa = PBXBuildFile; fileRef = BF9F4ED443EC4B1342918DA0 /* AppPreferencesStoreTests.swift */; };
		29F8377C3660A25C71FB9777 /* MainWindowView.swift in Sources */ = {isa = PBXBuildFile; fileRef = 2CBCCA47B28BA27905BBE04B /* MainWindowView.swift */; };
		2A2F8667FE911BF0CB8C6C45 /* InputMethodManager.swift in Sources */ = {isa = PBXBuildFile; fileRef = F5CA61EEF321E1E3A0996831 /* InputMethodManager.swift */; };
		3898F1966953DD2E37F6A3CA /* WindowRouter.swift in Sources */ = {isa = PBXBuildFile; fileRef = 142821DDB9D68DE5AAA5937B /* WindowRouter.swift */; };
		38C8A74AB46B4538B5E47837 /* WindowListScreenCaptureService.swift in Sources */ = {isa = PBXBuildFile; fileRef = FE72702B9DC7BB4C8361FF3B /* WindowListScreenCaptureService.swift */; };
		3C84D8EF7ACDB672FC8E4178 /* CaptureCoordinatorTests.swift in Sources */ = {isa = PBXBuildFile; fileRef = 9ED03BA574E6E9131ED8537F /* CaptureCoordinatorTests.swift */; };
		3E49C67CB743F11F1B24856E /* CaptureSelectionTests.swift in Sources */ = {isa = PBXBuildFile; fileRef = 944E8DDCDCE59654D1908E08 /* CaptureSelectionTests.swift */; };
		43FA20C7CC4E6055F80F2684 /* MainWindowViewModel.swift in Sources */ = {isa = PBXBuildFile; fileRef = A96DA0C41E39F7C2E831D19A /* MainWindowViewModel.swift */; };
		44695E5BF06CBB6BF24DE3BF /* TISInputSourceService.swift in Sources */ = {isa = PBXBuildFile; fileRef = 953DE59AE9FB1F6A2EA40C05 /* TISInputSourceService.swift */; };
		4A50952BBFB2883E1075D601 /* InputMethodManagerTests.swift in Sources */ = {isa = PBXBuildFile; fileRef = F4757A6711307DDE37432023 /* InputMethodManagerTests.swift */; };
		527624E8348B42C568E29386 /* SettingsWindowViewModelTests.swift in Sources */ = {isa = PBXBuildFile; fileRef = 5BE0CACE2BEFF60FA2DA5D55 /* SettingsWindowViewModelTests.swift */; };
		530C623834BC22A14B60EB61 /* InputMethodAutomationStatus.swift in Sources */ = {isa = PBXBuildFile; fileRef = C013C738C0FD7785865D52CB /* InputMethodAutomationStatus.swift */; };
		5ED62C08BAF888C670754685 /* CaptureCoordinator.swift in Sources */ = {isa = PBXBuildFile; fileRef = 4C3680606638862FB898B69A /* CaptureCoordinator.swift */; };
		5FAABA4C4EF25A5C77842A8A /* LoginItemService.swift in Sources */ = {isa = PBXBuildFile; fileRef = F4FA5F7BED24094950827608 /* LoginItemService.swift */; };
		70BFC8241912EC093A43822E /* InputMethodRuleMatcher.swift in Sources */ = {isa = PBXBuildFile; fileRef = 1E327B95961B8727444A3319 /* InputMethodRuleMatcher.swift */; };
		87254119803AC7983416C3F0 /* ScreenCaptureService.swift in Sources */ = {isa = PBXBuildFile; fileRef = F9E285A01B3913F4D9E8533E /* ScreenCaptureService.swift */; };
		8C30AC932457E4403FE12C83 /* AppEnvironment.swift in Sources */ = {isa = PBXBuildFile; fileRef = 138DD3B0DF97E1FBCFE129B7 /* AppEnvironment.swift */; };
		8D09F5376590CC308EDBBBFB /* AppPreferences.swift in Sources */ = {isa = PBXBuildFile; fileRef = 0982BB33903D7890904B2D09 /* AppPreferences.swift */; };
		97132428A95BF0AFF7BBF8D6 /* InputMethodRuleMatcherTests.swift in Sources */ = {isa = PBXBuildFile; fileRef = 5C8375C689EF4344FA33EBEA /* InputMethodRuleMatcherTests.swift */; };
		9A42A30EC53B5782012E6A5A /* WorkspaceFrontmostApplicationObserver.swift in Sources */ = {isa = PBXBuildFile; fileRef = A29132EAED83FDD9101C144E /* WorkspaceFrontmostApplicationObserver.swift */; };
		9F59D4C70E80268EA40E7938 /* InputMethodRule.swift in Sources */ = {isa = PBXBuildFile; fileRef = F6815CDBAD5EA132B74D2CD2 /* InputMethodRule.swift */; };
		A5A15EED6A9E1C0EC67AB070 /* GeneralSettingsView.swift in Sources */ = {isa = PBXBuildFile; fileRef = C5758831A156231858844C83 /* GeneralSettingsView.swift */; };
		AFCED526692F14D92E1BE224 /* InputMethodRulesStore.swift in Sources */ = {isa = PBXBuildFile; fileRef = A436A6A1ED1DA28A494F93B7 /* InputMethodRulesStore.swift */; };
		B130504773082ABD91DED858 /* AnnotationSettingsView.swift in Sources */ = {isa = PBXBuildFile; fileRef = EA2958BC0CEAACBF6961DE6B /* AnnotationSettingsView.swift */; };
		B1D3FBFEDBD25AC83B78A582 /* ScreenshotSettingsView.swift in Sources */ = {isa = PBXBuildFile; fileRef = 56C6199DB897EF702FF03409 /* ScreenshotSettingsView.swift */; };
		B928BA370AC209BCA5D57AD2 /* InputMethodRulesStoreTests.swift in Sources */ = {isa = PBXBuildFile; fileRef = 40F31A64695939EDBB5E181B /* InputMethodRulesStoreTests.swift */; };
		C64D6236A0E8677C1B3250E6 /* SettingsWindowViewModel.swift in Sources */ = {isa = PBXBuildFile; fileRef = B19868BBE662767510679B0E /* SettingsWindowViewModel.swift */; };
		CFCFB7C1D42A01202A6ECE83 /* ScreenshotToolSmokeTests.swift in Sources */ = {isa = PBXBuildFile; fileRef = 02AB2175C714C22C6EA5BA9C /* ScreenshotToolSmokeTests.swift */; };
		CFE4C8799011C5ADD2AAB84F /* AppPreferencesStore.swift in Sources */ = {isa = PBXBuildFile; fileRef = DF0E78A29B7766EE08D0FF71 /* AppPreferencesStore.swift */; };
		D6C9EFB5D0CB32D383AABE5B /* InputSourceDescriptor.swift in Sources */ = {isa = PBXBuildFile; fileRef = FB7F2AF3DE1C64DCE26E5019 /* InputSourceDescriptor.swift */; };
		D745764472321A2136D4CC2E /* CaptureSelection.swift in Sources */ = {isa = PBXBuildFile; fileRef = CF5A9F36FA63B29D9F34F367 /* CaptureSelection.swift */; };
		D7C345731DBB141EF80683B5 /* InputMethodSettingsView.swift in Sources */ = {isa = PBXBuildFile; fileRef = EB3F1AF4DF3BAF29C2CA9503 /* InputMethodSettingsView.swift */; };
		D88FEE91DB768F298D26948F /* AppDelegate.swift in Sources */ = {isa = PBXBuildFile; fileRef = 874667A6E837D42B15A053C6 /* AppDelegate.swift */; };
		DB775C1851B4702589E02063 /* InputSourceService.swift in Sources */ = {isa = PBXBuildFile; fileRef = B162CD12E8B44902077278F1 /* InputSourceService.swift */; };
		E332CF7F237B4CC7900FC272 /* FrontmostApplicationObserver.swift in Sources */ = {isa = PBXBuildFile; fileRef = 759DE94376F0FFF7DE591C2F /* FrontmostApplicationObserver.swift */; };
		ED8267605BA4D148BCDF11F7 /* CaptureResult.swift in Sources */ = {isa = PBXBuildFile; fileRef = 8518466CF6E59A57849B5212 /* CaptureResult.swift */; };
		F9E41CF4F309E54F4AD058E8 /* SettingsWindowView.swift in Sources */ = {isa = PBXBuildFile; fileRef = 7E7475D6EACEAAD83C1602E4 /* SettingsWindowView.swift */; };
		FFA6A9D9631C9989F409679D /* SystemLoginItemService.swift in Sources */ = {isa = PBXBuildFile; fileRef = 8C6D3908BEA8CF6F43DEBDF6 /* SystemLoginItemService.swift */; };
/* End PBXBuildFile section */

/* Begin PBXContainerItemProxy section */
		8F3B49D9C144AF81369EC9EE /* PBXContainerItemProxy */ = {
			isa = PBXContainerItemProxy;
			containerPortal = 055C17E77B676589DDB772A6 /* Project object */;
			proxyType = 1;
			remoteGlobalIDString = 05A05D1C602AC3E853F5060F;
			remoteInfo = ScreenshotTool;
		};
/* End PBXContainerItemProxy section */

/* Begin PBXFileReference section */
		02AB2175C714C22C6EA5BA9C /* ScreenshotToolSmokeTests.swift */ = {isa = PBXFileReference; lastKnownFileType = sourcecode.swift; path = ScreenshotToolSmokeTests.swift; sourceTree = "<group>"; };
		0982BB33903D7890904B2D09 /* AppPreferences.swift */ = {isa = PBXFileReference; lastKnownFileType = sourcecode.swift; path = AppPreferences.swift; sourceTree = "<group>"; };
		138DD3B0DF97E1FBCFE129B7 /* AppEnvironment.swift */ = {isa = PBXFileReference; lastKnownFileType = sourcecode.swift; path = AppEnvironment.swift; sourceTree = "<group>"; };
		142821DDB9D68DE5AAA5937B /* WindowRouter.swift */ = {isa = PBXFileReference; lastKnownFileType = sourcecode.swift; path = WindowRouter.swift; sourceTree = "<group>"; };
		1E327B95961B8727444A3319 /* InputMethodRuleMatcher.swift */ = {isa = PBXFileReference; lastKnownFileType = sourcecode.swift; path = InputMethodRuleMatcher.swift; sourceTree = "<group>"; };
		26E46C51CC9E8DEAD64CC4E7 /* DefaultPermissionsService.swift */ = {isa = PBXFileReference; lastKnownFileType = sourcecode.swift; path = DefaultPermissionsService.swift; sourceTree = "<group>"; };
		2CBCCA47B28BA27905BBE04B /* MainWindowView.swift */ = {isa = PBXFileReference; lastKnownFileType = sourcecode.swift; path = MainWindowView.swift; sourceTree = "<group>"; };
		2F117D116B9900C856D7A689 /* ScreenshotToolTests.xctest */ = {isa = PBXFileReference; explicitFileType = wrapper.cfbundle; includeInIndex = 0; path = ScreenshotToolTests.xctest; sourceTree = BUILT_PRODUCTS_DIR; };
		40F31A64695939EDBB5E181B /* InputMethodRulesStoreTests.swift */ = {isa = PBXFileReference; lastKnownFileType = sourcecode.swift; path = InputMethodRulesStoreTests.swift; sourceTree = "<group>"; };
		4C3680606638862FB898B69A /* CaptureCoordinator.swift */ = {isa = PBXFileReference; lastKnownFileType = sourcecode.swift; path = CaptureCoordinator.swift; sourceTree = "<group>"; };
		56C6199DB897EF702FF03409 /* ScreenshotSettingsView.swift */ = {isa = PBXFileReference; lastKnownFileType = sourcecode.swift; path = ScreenshotSettingsView.swift; sourceTree = "<group>"; };
		5BE0CACE2BEFF60FA2DA5D55 /* SettingsWindowViewModelTests.swift */ = {isa = PBXFileReference; lastKnownFileType = sourcecode.swift; path = SettingsWindowViewModelTests.swift; sourceTree = "<group>"; };
		5C8375C689EF4344FA33EBEA /* InputMethodRuleMatcherTests.swift */ = {isa = PBXFileReference; lastKnownFileType = sourcecode.swift; path = InputMethodRuleMatcherTests.swift; sourceTree = "<group>"; };
		759DE94376F0FFF7DE591C2F /* FrontmostApplicationObserver.swift */ = {isa = PBXFileReference; lastKnownFileType = sourcecode.swift; path = FrontmostApplicationObserver.swift; sourceTree = "<group>"; };
		78F059F6FC8AD03AB17BCE43 /* PermissionsService.swift */ = {isa = PBXFileReference; lastKnownFileType = sourcecode.swift; path = PermissionsService.swift; sourceTree = "<group>"; };
		7E7475D6EACEAAD83C1602E4 /* SettingsWindowView.swift */ = {isa = PBXFileReference; lastKnownFileType = sourcecode.swift; path = SettingsWindowView.swift; sourceTree = "<group>"; };
		8518466CF6E59A57849B5212 /* CaptureResult.swift */ = {isa = PBXFileReference; lastKnownFileType = sourcecode.swift; path = CaptureResult.swift; sourceTree = "<group>"; };
		874667A6E837D42B15A053C6 /* AppDelegate.swift */ = {isa = PBXFileReference; lastKnownFileType = sourcecode.swift; path = AppDelegate.swift; sourceTree = "<group>"; };
		8C6D3908BEA8CF6F43DEBDF6 /* SystemLoginItemService.swift */ = {isa = PBXFileReference; lastKnownFileType = sourcecode.swift; path = SystemLoginItemService.swift; sourceTree = "<group>"; };
		8D9371C160BA2CC397F28E4C /* ScreenshotTool.app */ = {isa = PBXFileReference; explicitFileType = wrapper.application; includeInIndex = 0; path = ScreenshotTool.app; sourceTree = BUILT_PRODUCTS_DIR; };
		944E8DDCDCE59654D1908E08 /* CaptureSelectionTests.swift */ = {isa = PBXFileReference; lastKnownFileType = sourcecode.swift; path = CaptureSelectionTests.swift; sourceTree = "<group>"; };
		953DE59AE9FB1F6A2EA40C05 /* TISInputSourceService.swift */ = {isa = PBXFileReference; lastKnownFileType = sourcecode.swift; path = TISInputSourceService.swift; sourceTree = "<group>"; };
		9ED03BA574E6E9131ED8537F /* CaptureCoordinatorTests.swift */ = {isa = PBXFileReference; lastKnownFileType = sourcecode.swift; path = CaptureCoordinatorTests.swift; sourceTree = "<group>"; };
		A29132EAED83FDD9101C144E /* WorkspaceFrontmostApplicationObserver.swift */ = {isa = PBXFileReference; lastKnownFileType = sourcecode.swift; path = WorkspaceFrontmostApplicationObserver.swift; sourceTree = "<group>"; };
		A436A6A1ED1DA28A494F93B7 /* InputMethodRulesStore.swift */ = {isa = PBXFileReference; lastKnownFileType = sourcecode.swift; path = InputMethodRulesStore.swift; sourceTree = "<group>"; };
		A96DA0C41E39F7C2E831D19A /* MainWindowViewModel.swift */ = {isa = PBXFileReference; lastKnownFileType = sourcecode.swift; path = MainWindowViewModel.swift; sourceTree = "<group>"; };
		B162CD12E8B44902077278F1 /* InputSourceService.swift */ = {isa = PBXFileReference; lastKnownFileType = sourcecode.swift; path = InputSourceService.swift; sourceTree = "<group>"; };
		B19868BBE662767510679B0E /* SettingsWindowViewModel.swift */ = {isa = PBXFileReference; lastKnownFileType = sourcecode.swift; path = SettingsWindowViewModel.swift; sourceTree = "<group>"; };
		BF9F4ED443EC4B1342918DA0 /* AppPreferencesStoreTests.swift */ = {isa = PBXFileReference; lastKnownFileType = sourcecode.swift; path = AppPreferencesStoreTests.swift; sourceTree = "<group>"; };
		C013C738C0FD7785865D52CB /* InputMethodAutomationStatus.swift */ = {isa = PBXFileReference; lastKnownFileType = sourcecode.swift; path = InputMethodAutomationStatus.swift; sourceTree = "<group>"; };
		C5758831A156231858844C83 /* GeneralSettingsView.swift */ = {isa = PBXFileReference; lastKnownFileType = sourcecode.swift; path = GeneralSettingsView.swift; sourceTree = "<group>"; };
		CF5A9F36FA63B29D9F34F367 /* CaptureSelection.swift */ = {isa = PBXFileReference; lastKnownFileType = sourcecode.swift; path = CaptureSelection.swift; sourceTree = "<group>"; };
		DF0E78A29B7766EE08D0FF71 /* AppPreferencesStore.swift */ = {isa = PBXFileReference; lastKnownFileType = sourcecode.swift; path = AppPreferencesStore.swift; sourceTree = "<group>"; };
		EA2958BC0CEAACBF6961DE6B /* AnnotationSettingsView.swift */ = {isa = PBXFileReference; lastKnownFileType = sourcecode.swift; path = AnnotationSettingsView.swift; sourceTree = "<group>"; };
		EB3C64488E1E78A4656AE9EE /* ScreenshotToolApp.swift */ = {isa = PBXFileReference; lastKnownFileType = sourcecode.swift; path = ScreenshotToolApp.swift; sourceTree = "<group>"; };
		EB3F1AF4DF3BAF29C2CA9503 /* InputMethodSettingsView.swift */ = {isa = PBXFileReference; lastKnownFileType = sourcecode.swift; path = InputMethodSettingsView.swift; sourceTree = "<group>"; };
		F4757A6711307DDE37432023 /* InputMethodManagerTests.swift */ = {isa = PBXFileReference; lastKnownFileType = sourcecode.swift; path = InputMethodManagerTests.swift; sourceTree = "<group>"; };
		F4FA5F7BED24094950827608 /* LoginItemService.swift */ = {isa = PBXFileReference; lastKnownFileType = sourcecode.swift; path = LoginItemService.swift; sourceTree = "<group>"; };
		F5CA61EEF321E1E3A0996831 /* InputMethodManager.swift */ = {isa = PBXFileReference; lastKnownFileType = sourcecode.swift; path = InputMethodManager.swift; sourceTree = "<group>"; };
		F6815CDBAD5EA132B74D2CD2 /* InputMethodRule.swift */ = {isa = PBXFileReference; lastKnownFileType = sourcecode.swift; path = InputMethodRule.swift; sourceTree = "<group>"; };
		F9E285A01B3913F4D9E8533E /* ScreenCaptureService.swift */ = {isa = PBXFileReference; lastKnownFileType = sourcecode.swift; path = ScreenCaptureService.swift; sourceTree = "<group>"; };
		FB7F2AF3DE1C64DCE26E5019 /* InputSourceDescriptor.swift */ = {isa = PBXFileReference; lastKnownFileType = sourcecode.swift; path = InputSourceDescriptor.swift; sourceTree = "<group>"; };
		FE72702B9DC7BB4C8361FF3B /* WindowListScreenCaptureService.swift */ = {isa = PBXFileReference; lastKnownFileType = sourcecode.swift; path = WindowListScreenCaptureService.swift; sourceTree = "<group>"; };
/* End PBXFileReference section */

/* Begin PBXGroup section */
		04FB82D5F0832968C73490EA /* Smoke */ = {
			isa = PBXGroup;
			children = (
				02AB2175C714C22C6EA5BA9C /* ScreenshotToolSmokeTests.swift */,
			);
			path = Smoke;
			sourceTree = "<group>";
		};
		084315020693D6A87AAED674 /* InputMethod */ = {
			isa = PBXGroup;
			children = (
				759DE94376F0FFF7DE591C2F /* FrontmostApplicationObserver.swift */,
				C013C738C0FD7785865D52CB /* InputMethodAutomationStatus.swift */,
				F5CA61EEF321E1E3A0996831 /* InputMethodManager.swift */,
				1E327B95961B8727444A3319 /* InputMethodRuleMatcher.swift */,
				FB7F2AF3DE1C64DCE26E5019 /* InputSourceDescriptor.swift */,
				B162CD12E8B44902077278F1 /* InputSourceService.swift */,
				953DE59AE9FB1F6A2EA40C05 /* TISInputSourceService.swift */,
				A29132EAED83FDD9101C144E /* WorkspaceFrontmostApplicationObserver.swift */,
			);
			path = InputMethod;
			sourceTree = "<group>";
		};
		20824D2BA1203C4125C9C5DE /* Products */ = {
			isa = PBXGroup;
			children = (
				8D9371C160BA2CC397F28E4C /* ScreenshotTool.app */,
				2F117D116B9900C856D7A689 /* ScreenshotToolTests.xctest */,
			);
			name = Products;
			sourceTree = "<group>";
		};
		21B580133C7ED14C9AB56F97 /* ScreenshotTool */ = {
			isa = PBXGroup;
			children = (
				8543FDBD0328CBE1C82A3511 /* App */,
				701978A3E82E7BDA3B969532 /* Capture */,
				696B093FDAFCB5FB423DA827 /* Features */,
				084315020693D6A87AAED674 /* InputMethod */,
				ACCF4A6581F560E4A561F370 /* Persistence */,
				9258095DFBAB2E57DE45CAAD /* Support */,
			);
			path = ScreenshotTool;
			sourceTree = "<group>";
		};
		2B1AB7FBE739B485F2B1C5C7 /* Permissions */ = {
			isa = PBXGroup;
			children = (
				26E46C51CC9E8DEAD64CC4E7 /* DefaultPermissionsService.swift */,
				78F059F6FC8AD03AB17BCE43 /* PermissionsService.swift */,
			);
			path = Permissions;
			sourceTree = "<group>";
		};
		3F91B5DE00B68908F2ED6F93 /* InputMethod */ = {
			isa = PBXGroup;
			children = (
				F4757A6711307DDE37432023 /* InputMethodManagerTests.swift */,
				5C8375C689EF4344FA33EBEA /* InputMethodRuleMatcherTests.swift */,
			);
			path = InputMethod;
			sourceTree = "<group>";
		};
		4487343D6BD2C60211D011A2 /* Features */ = {
			isa = PBXGroup;
			children = (
				5BE0CACE2BEFF60FA2DA5D55 /* SettingsWindowViewModelTests.swift */,
			);
			path = Features;
			sourceTree = "<group>";
		};
		4CE29843F0FD5D502E643524 /* Settings */ = {
			isa = PBXGroup;
			children = (
				EA2958BC0CEAACBF6961DE6B /* AnnotationSettingsView.swift */,
				C5758831A156231858844C83 /* GeneralSettingsView.swift */,
				EB3F1AF4DF3BAF29C2CA9503 /* InputMethodSettingsView.swift */,
				56C6199DB897EF702FF03409 /* ScreenshotSettingsView.swift */,
				7E7475D6EACEAAD83C1602E4 /* SettingsWindowView.swift */,
				B19868BBE662767510679B0E /* SettingsWindowViewModel.swift */,
			);
			path = Settings;
			sourceTree = "<group>";
		};
		5C9CEFB4905D0CBEC6B22843 /* Capture */ = {
			isa = PBXGroup;
			children = (
				9ED03BA574E6E9131ED8537F /* CaptureCoordinatorTests.swift */,
				944E8DDCDCE59654D1908E08 /* CaptureSelectionTests.swift */,
			);
			path = Capture;
			sourceTree = "<group>";
		};
		696B093FDAFCB5FB423DA827 /* Features */ = {
			isa = PBXGroup;
			children = (
				C688CC72198DFE507FBE9FE7 /* Main */,
				4CE29843F0FD5D502E643524 /* Settings */,
			);
			path = Features;
			sourceTree = "<group>";
		};
		701978A3E82E7BDA3B969532 /* Capture */ = {
			isa = PBXGroup;
			children = (
				4C3680606638862FB898B69A /* CaptureCoordinator.swift */,
				8518466CF6E59A57849B5212 /* CaptureResult.swift */,
				CF5A9F36FA63B29D9F34F367 /* CaptureSelection.swift */,
				F9E285A01B3913F4D9E8533E /* ScreenCaptureService.swift */,
				FE72702B9DC7BB4C8361FF3B /* WindowListScreenCaptureService.swift */,
			);
			path = Capture;
			sourceTree = "<group>";
		};
		8543FDBD0328CBE1C82A3511 /* App */ = {
			isa = PBXGroup;
			children = (
				874667A6E837D42B15A053C6 /* AppDelegate.swift */,
				138DD3B0DF97E1FBCFE129B7 /* AppEnvironment.swift */,
				EB3C64488E1E78A4656AE9EE /* ScreenshotToolApp.swift */,
				142821DDB9D68DE5AAA5937B /* WindowRouter.swift */,
			);
			path = App;
			sourceTree = "<group>";
		};
		87BB3A607BF0A78A7ACC5A24 /* ScreenshotToolTests */ = {
			isa = PBXGroup;
			children = (
				5C9CEFB4905D0CBEC6B22843 /* Capture */,
				4487343D6BD2C60211D011A2 /* Features */,
				3F91B5DE00B68908F2ED6F93 /* InputMethod */,
				9909A30B81786BBB57869D9D /* Persistence */,
				04FB82D5F0832968C73490EA /* Smoke */,
			);
			path = ScreenshotToolTests;
			sourceTree = "<group>";
		};
		9258095DFBAB2E57DE45CAAD /* Support */ = {
			isa = PBXGroup;
			children = (
				F4FA5F7BED24094950827608 /* LoginItemService.swift */,
				8C6D3908BEA8CF6F43DEBDF6 /* SystemLoginItemService.swift */,
				2B1AB7FBE739B485F2B1C5C7 /* Permissions */,
			);
			path = Support;
			sourceTree = "<group>";
		};
		9909A30B81786BBB57869D9D /* Persistence */ = {
			isa = PBXGroup;
			children = (
				BF9F4ED443EC4B1342918DA0 /* AppPreferencesStoreTests.swift */,
				40F31A64695939EDBB5E181B /* InputMethodRulesStoreTests.swift */,
			);
			path = Persistence;
			sourceTree = "<group>";
		};
		ACCF4A6581F560E4A561F370 /* Persistence */ = {
			isa = PBXGroup;
			children = (
				0982BB33903D7890904B2D09 /* AppPreferences.swift */,
				DF0E78A29B7766EE08D0FF71 /* AppPreferencesStore.swift */,
				F6815CDBAD5EA132B74D2CD2 /* InputMethodRule.swift */,
				A436A6A1ED1DA28A494F93B7 /* InputMethodRulesStore.swift */,
			);
			path = Persistence;
			sourceTree = "<group>";
		};
		C688CC72198DFE507FBE9FE7 /* Main */ = {
			isa = PBXGroup;
			children = (
				2CBCCA47B28BA27905BBE04B /* MainWindowView.swift */,
				A96DA0C41E39F7C2E831D19A /* MainWindowViewModel.swift */,
			);
			path = Main;
			sourceTree = "<group>";
		};
		EFDFF934645B7298CC4EED90 = {
			isa = PBXGroup;
			children = (
				21B580133C7ED14C9AB56F97 /* ScreenshotTool */,
				87BB3A607BF0A78A7ACC5A24 /* ScreenshotToolTests */,
				20824D2BA1203C4125C9C5DE /* Products */,
			);
			sourceTree = "<group>";
		};
/* End PBXGroup section */

/* Begin PBXNativeTarget section */
		05A05D1C602AC3E853F5060F /* ScreenshotTool */ = {
			isa = PBXNativeTarget;
			buildConfigurationList = C48479B8CFC0E2E0A4433967 /* Build configuration list for PBXNativeTarget "ScreenshotTool" */;
			buildPhases = (
				7244A6A2D998C380A7DB1E08 /* Sources */,
			);
			buildRules = (
			);
			dependencies = (
			);
			name = ScreenshotTool;
			packageProductDependencies = (
			);
			productName = ScreenshotTool;
			productReference = 8D9371C160BA2CC397F28E4C /* ScreenshotTool.app */;
			productType = "com.apple.product-type.application";
		};
		D584999B44DC230EE5BAB748 /* ScreenshotToolTests */ = {
			isa = PBXNativeTarget;
			buildConfigurationList = BDEDEF2D23D7790501B7205B /* Build configuration list for PBXNativeTarget "ScreenshotToolTests" */;
			buildPhases = (
				E5757EA34F9FADD3D974D0B0 /* Sources */,
			);
			buildRules = (
			);
			dependencies = (
				AAB6C0178B71F546C5EF5C7A /* PBXTargetDependency */,
			);
			name = ScreenshotToolTests;
			packageProductDependencies = (
			);
			productName = ScreenshotToolTests;
			productReference = 2F117D116B9900C856D7A689 /* ScreenshotToolTests.xctest */;
			productType = "com.apple.product-type.bundle.unit-test";
		};
/* End PBXNativeTarget section */

/* Begin PBXProject section */
		055C17E77B676589DDB772A6 /* Project object */ = {
			isa = PBXProject;
			attributes = {
				BuildIndependentTargetsInParallel = YES;
				LastUpgradeCheck = 1430;
				TargetAttributes = {
				};
			};
			buildConfigurationList = 5E0675CC3B8B5464E11F86C4 /* Build configuration list for PBXProject "ScreenshotTool" */;
			developmentRegion = en;
			hasScannedForEncodings = 0;
			knownRegions = (
				Base,
				en,
			);
			mainGroup = EFDFF934645B7298CC4EED90;
			minimizedProjectReferenceProxies = 1;
			preferredProjectObjectVersion = 77;
			productRefGroup = 20824D2BA1203C4125C9C5DE /* Products */;
			projectDirPath = "";
			projectRoot = "";
			targets = (
				05A05D1C602AC3E853F5060F /* ScreenshotTool */,
				D584999B44DC230EE5BAB748 /* ScreenshotToolTests */,
			);
		};
/* End PBXProject section */

/* Begin PBXSourcesBuildPhase section */
		7244A6A2D998C380A7DB1E08 /* Sources */ = {
			isa = PBXSourcesBuildPhase;
			buildActionMask = 2147483647;
			files = (
				B130504773082ABD91DED858 /* AnnotationSettingsView.swift in Sources */,
				D88FEE91DB768F298D26948F /* AppDelegate.swift in Sources */,
				8C30AC932457E4403FE12C83 /* AppEnvironment.swift in Sources */,
				8D09F5376590CC308EDBBBFB /* AppPreferences.swift in Sources */,
				CFE4C8799011C5ADD2AAB84F /* AppPreferencesStore.swift in Sources */,
				5ED62C08BAF888C670754685 /* CaptureCoordinator.swift in Sources */,
				ED8267605BA4D148BCDF11F7 /* CaptureResult.swift in Sources */,
				D745764472321A2136D4CC2E /* CaptureSelection.swift in Sources */,
				0D4A9D90CDFAFC2AE8C281CC /* DefaultPermissionsService.swift in Sources */,
				E332CF7F237B4CC7900FC272 /* FrontmostApplicationObserver.swift in Sources */,
				A5A15EED6A9E1C0EC67AB070 /* GeneralSettingsView.swift in Sources */,
				530C623834BC22A14B60EB61 /* InputMethodAutomationStatus.swift in Sources */,
				2A2F8667FE911BF0CB8C6C45 /* InputMethodManager.swift in Sources */,
				9F59D4C70E80268EA40E7938 /* InputMethodRule.swift in Sources */,
				70BFC8241912EC093A43822E /* InputMethodRuleMatcher.swift in Sources */,
				AFCED526692F14D92E1BE224 /* InputMethodRulesStore.swift in Sources */,
				D7C345731DBB141EF80683B5 /* InputMethodSettingsView.swift in Sources */,
				D6C9EFB5D0CB32D383AABE5B /* InputSourceDescriptor.swift in Sources */,
				DB775C1851B4702589E02063 /* InputSourceService.swift in Sources */,
				5FAABA4C4EF25A5C77842A8A /* LoginItemService.swift in Sources */,
				29F8377C3660A25C71FB9777 /* MainWindowView.swift in Sources */,
				43FA20C7CC4E6055F80F2684 /* MainWindowViewModel.swift in Sources */,
				1009DD093BA663464465DD69 /* PermissionsService.swift in Sources */,
				87254119803AC7983416C3F0 /* ScreenCaptureService.swift in Sources */,
				B1D3FBFEDBD25AC83B78A582 /* ScreenshotSettingsView.swift in Sources */,
				0E54DD2AAE97127A433EBC0C /* ScreenshotToolApp.swift in Sources */,
				F9E41CF4F309E54F4AD058E8 /* SettingsWindowView.swift in Sources */,
				C64D6236A0E8677C1B3250E6 /* SettingsWindowViewModel.swift in Sources */,
				FFA6A9D9631C9989F409679D /* SystemLoginItemService.swift in Sources */,
				44695E5BF06CBB6BF24DE3BF /* TISInputSourceService.swift in Sources */,
				38C8A74AB46B4538B5E47837 /* WindowListScreenCaptureService.swift in Sources */,
				3898F1966953DD2E37F6A3CA /* WindowRouter.swift in Sources */,
				9A42A30EC53B5782012E6A5A /* WorkspaceFrontmostApplicationObserver.swift in Sources */,
			);
			runOnlyForDeploymentPostprocessing = 0;
		};
		E5757EA34F9FADD3D974D0B0 /* Sources */ = {
			isa = PBXSourcesBuildPhase;
			buildActionMask = 2147483647;
			files = (
				14561089389CBB46680BEC5C /* AppPreferencesStoreTests.swift in Sources */,
				3C84D8EF7ACDB672FC8E4178 /* CaptureCoordinatorTests.swift in Sources */,
				3E49C67CB743F11F1B24856E /* CaptureSelectionTests.swift in Sources */,
				4A50952BBFB2883E1075D601 /* InputMethodManagerTests.swift in Sources */,
				97132428A95BF0AFF7BBF8D6 /* InputMethodRuleMatcherTests.swift in Sources */,
				B928BA370AC209BCA5D57AD2 /* InputMethodRulesStoreTests.swift in Sources */,
				CFCFB7C1D42A01202A6ECE83 /* ScreenshotToolSmokeTests.swift in Sources */,
				527624E8348B42C568E29386 /* SettingsWindowViewModelTests.swift in Sources */,
			);
			runOnlyForDeploymentPostprocessing = 0;
		};
/* End PBXSourcesBuildPhase section */

/* Begin PBXTargetDependency section */
		AAB6C0178B71F546C5EF5C7A /* PBXTargetDependency */ = {
			isa = PBXTargetDependency;
			target = 05A05D1C602AC3E853F5060F /* ScreenshotTool */;
			targetProxy = 8F3B49D9C144AF81369EC9EE /* PBXContainerItemProxy */;
		};
/* End PBXTargetDependency section */

/* Begin XCBuildConfiguration section */
		319D50A9F180625E64661B52 /* Release */ = {
			isa = XCBuildConfiguration;
			buildSettings = {
				ALWAYS_SEARCH_USER_PATHS = NO;
				CLANG_ANALYZER_NONNULL = YES;
				CLANG_ANALYZER_NUMBER_OBJECT_CONVERSION = YES_AGGRESSIVE;
				CLANG_CXX_LANGUAGE_STANDARD = "gnu++14";
				CLANG_CXX_LIBRARY = "libc++";
				CLANG_ENABLE_MODULES = YES;
				CLANG_ENABLE_OBJC_ARC = YES;
				CLANG_ENABLE_OBJC_WEAK = YES;
				CLANG_WARN_BLOCK_CAPTURE_AUTORELEASING = YES;
				CLANG_WARN_BOOL_CONVERSION = YES;
				CLANG_WARN_COMMA = YES;
				CLANG_WARN_CONSTANT_CONVERSION = YES;
				CLANG_WARN_DEPRECATED_OBJC_IMPLEMENTATIONS = YES;
				CLANG_WARN_DIRECT_OBJC_ISA_USAGE = YES_ERROR;
				CLANG_WARN_DOCUMENTATION_COMMENTS = YES;
				CLANG_WARN_EMPTY_BODY = YES;
				CLANG_WARN_ENUM_CONVERSION = YES;
				CLANG_WARN_INFINITE_RECURSION = YES;
				CLANG_WARN_INT_CONVERSION = YES;
				CLANG_WARN_NON_LITERAL_NULL_CONVERSION = YES;
				CLANG_WARN_OBJC_IMPLICIT_RETAIN_SELF = YES;
				CLANG_WARN_OBJC_LITERAL_CONVERSION = YES;
				CLANG_WARN_OBJC_ROOT_CLASS = YES_ERROR;
				CLANG_WARN_QUOTED_INCLUDE_IN_FRAMEWORK_HEADER = YES;
				CLANG_WARN_RANGE_LOOP_ANALYSIS = YES;
				CLANG_WARN_STRICT_PROTOTYPES = YES;
				CLANG_WARN_SUSPICIOUS_MOVE = YES;
				CLANG_WARN_UNGUARDED_AVAILABILITY = YES_AGGRESSIVE;
				CLANG_WARN_UNREACHABLE_CODE = YES;
				CLANG_WARN__DUPLICATE_METHOD_MATCH = YES;
				COPY_PHASE_STRIP = NO;
				DEBUG_INFORMATION_FORMAT = "dwarf-with-dsym";
				ENABLE_NS_ASSERTIONS = NO;
				ENABLE_STRICT_OBJC_MSGSEND = YES;
				GCC_C_LANGUAGE_STANDARD = gnu11;
				GCC_NO_COMMON_BLOCKS = YES;
				GCC_WARN_64_TO_32_BIT_CONVERSION = YES;
				GCC_WARN_ABOUT_RETURN_TYPE = YES_ERROR;
				GCC_WARN_UNDECLARED_SELECTOR = YES;
				GCC_WARN_UNINITIALIZED_AUTOS = YES_AGGRESSIVE;
				GCC_WARN_UNUSED_FUNCTION = YES;
				GCC_WARN_UNUSED_VARIABLE = YES;
				MTL_ENABLE_DEBUG_INFO = NO;
				MTL_FAST_MATH = YES;
				PRODUCT_NAME = "$(TARGET_NAME)";
				SDKROOT = macosx;
				SWIFT_COMPILATION_MODE = wholemodule;
				SWIFT_OPTIMIZATION_LEVEL = "-O";
				SWIFT_VERSION = 5.1;
			};
			name = Release;
		};
		38F4D28C52B656F7B32FB556 /* Debug */ = {
			isa = XCBuildConfiguration;
			buildSettings = {
				ALWAYS_SEARCH_USER_PATHS = NO;
				CLANG_ANALYZER_NONNULL = YES;
				CLANG_ANALYZER_NUMBER_OBJECT_CONVERSION = YES_AGGRESSIVE;
				CLANG_CXX_LANGUAGE_STANDARD = "gnu++14";
				CLANG_CXX_LIBRARY = "libc++";
				CLANG_ENABLE_MODULES = YES;
				CLANG_ENABLE_OBJC_ARC = YES;
				CLANG_ENABLE_OBJC_WEAK = YES;
				CLANG_WARN_BLOCK_CAPTURE_AUTORELEASING = YES;
				CLANG_WARN_BOOL_CONVERSION = YES;
				CLANG_WARN_COMMA = YES;
				CLANG_WARN_CONSTANT_CONVERSION = YES;
				CLANG_WARN_DEPRECATED_OBJC_IMPLEMENTATIONS = YES;
				CLANG_WARN_DIRECT_OBJC_ISA_USAGE = YES_ERROR;
				CLANG_WARN_DOCUMENTATION_COMMENTS = YES;
				CLANG_WARN_EMPTY_BODY = YES;
				CLANG_WARN_ENUM_CONVERSION = YES;
				CLANG_WARN_INFINITE_RECURSION = YES;
				CLANG_WARN_INT_CONVERSION = YES;
				CLANG_WARN_NON_LITERAL_NULL_CONVERSION = YES;
				CLANG_WARN_OBJC_IMPLICIT_RETAIN_SELF = YES;
				CLANG_WARN_OBJC_LITERAL_CONVERSION = YES;
				CLANG_WARN_OBJC_ROOT_CLASS = YES_ERROR;
				CLANG_WARN_QUOTED_INCLUDE_IN_FRAMEWORK_HEADER = YES;
				CLANG_WARN_RANGE_LOOP_ANALYSIS = YES;
				CLANG_WARN_STRICT_PROTOTYPES = YES;
				CLANG_WARN_SUSPICIOUS_MOVE = YES;
				CLANG_WARN_UNGUARDED_AVAILABILITY = YES_AGGRESSIVE;
				CLANG_WARN_UNREACHABLE_CODE = YES;
				CLANG_WARN__DUPLICATE_METHOD_MATCH = YES;
				COPY_PHASE_STRIP = NO;
				DEBUG_INFORMATION_FORMAT = dwarf;
				ENABLE_STRICT_OBJC_MSGSEND = YES;
				ENABLE_TESTABILITY = YES;
				GCC_C_LANGUAGE_STANDARD = gnu11;
				GCC_DYNAMIC_NO_PIC = NO;
				GCC_NO_COMMON_BLOCKS = YES;
				GCC_OPTIMIZATION_LEVEL = 0;
				GCC_PREPROCESSOR_DEFINITIONS = (
					"$(inherited)",
					"DEBUG=1",
				);
				GCC_WARN_64_TO_32_BIT_CONVERSION = YES;
				GCC_WARN_ABOUT_RETURN_TYPE = YES_ERROR;
				GCC_WARN_UNDECLARED_SELECTOR = YES;
				GCC_WARN_UNINITIALIZED_AUTOS = YES_AGGRESSIVE;
				GCC_WARN_UNUSED_FUNCTION = YES;
				GCC_WARN_UNUSED_VARIABLE = YES;
				MTL_ENABLE_DEBUG_INFO = INCLUDE_SOURCE;
				MTL_FAST_MATH = YES;
				ONLY_ACTIVE_ARCH = YES;
				PRODUCT_NAME = "$(TARGET_NAME)";
				SDKROOT = macosx;
				SWIFT_ACTIVE_COMPILATION_CONDITIONS = DEBUG;
				SWIFT_OPTIMIZATION_LEVEL = "-Onone";
				SWIFT_VERSION = 5.1;
			};
			name = Debug;
		};
		65AB9EE3D62FC32C2DFF79FD /* Release */ = {
			isa = XCBuildConfiguration;
			buildSettings = {
				ASSETCATALOG_COMPILER_APPICON_NAME = AppIcon;
				COMBINE_HIDPI_IMAGES = YES;
				GENERATE_INFOPLIST_FILE = YES;
				LD_RUNPATH_SEARCH_PATHS = (
					"$(inherited)",
					"@executable_path/../Frameworks",
				);
				MACOSX_DEPLOYMENT_TARGET = 14.0;
				PRODUCT_BUNDLE_IDENTIFIER = com.nic.ScreenshotTool;
				PRODUCT_NAME = ScreenshotTool;
				SDKROOT = macosx;
			};
			name = Release;
		};
		BC476AEA38DD58D0F0038250 /* Debug */ = {
			isa = XCBuildConfiguration;
			buildSettings = {
				BUNDLE_LOADER = "$(TEST_HOST)";
				COMBINE_HIDPI_IMAGES = YES;
				GENERATE_INFOPLIST_FILE = YES;
				LD_RUNPATH_SEARCH_PATHS = (
					"$(inherited)",
					"@executable_path/../Frameworks",
					"@loader_path/../Frameworks",
				);
				PRODUCT_BUNDLE_IDENTIFIER = com.nic.ScreenshotToolTests;
				SDKROOT = macosx;
				TEST_HOST = "$(BUILT_PRODUCTS_DIR)/ScreenshotTool.app/Contents/MacOS/ScreenshotTool";
			};
			name = Debug;
		};
		BEE1A5AC0F4C74AFCFDD4FC7 /* Release */ = {
			isa = XCBuildConfiguration;
			buildSettings = {
				BUNDLE_LOADER = "$(TEST_HOST)";
				COMBINE_HIDPI_IMAGES = YES;
				GENERATE_INFOPLIST_FILE = YES;
				LD_RUNPATH_SEARCH_PATHS = (
					"$(inherited)",
					"@executable_path/../Frameworks",
					"@loader_path/../Frameworks",
				);
				PRODUCT_BUNDLE_IDENTIFIER = com.nic.ScreenshotToolTests;
				SDKROOT = macosx;
				TEST_HOST = "$(BUILT_PRODUCTS_DIR)/ScreenshotTool.app/Contents/MacOS/ScreenshotTool";
			};
			name = Release;
		};
		CFA622EFAC85EEC2802E1AA5 /* Debug */ = {
			isa = XCBuildConfiguration;
			buildSettings = {
				ASSETCATALOG_COMPILER_APPICON_NAME = AppIcon;
				COMBINE_HIDPI_IMAGES = YES;
				GENERATE_INFOPLIST_FILE = YES;
				LD_RUNPATH_SEARCH_PATHS = (
					"$(inherited)",
					"@executable_path/../Frameworks",
				);
				MACOSX_DEPLOYMENT_TARGET = 14.0;
				PRODUCT_BUNDLE_IDENTIFIER = com.nic.ScreenshotTool;
				PRODUCT_NAME = ScreenshotTool;
				SDKROOT = macosx;
			};
			name = Debug;
		};
/* End XCBuildConfiguration section */

/* Begin XCConfigurationList section */
		5E0675CC3B8B5464E11F86C4 /* Build configuration list for PBXProject "ScreenshotTool" */ = {
			isa = XCConfigurationList;
			buildConfigurations = (
				38F4D28C52B656F7B32FB556 /* Debug */,
				319D50A9F180625E64661B52 /* Release */,
			);
			defaultConfigurationIsVisible = 0;
			defaultConfigurationName = Debug;
		};
		BDEDEF2D23D7790501B7205B /* Build configuration list for PBXNativeTarget "ScreenshotToolTests" */ = {
			isa = XCConfigurationList;
			buildConfigurations = (
				BC476AEA38DD58D0F0038250 /* Debug */,
				BEE1A5AC0F4C74AFCFDD4FC7 /* Release */,
			);
			defaultConfigurationIsVisible = 0;
			defaultConfigurationName = Debug;
		};
		C48479B8CFC0E2E0A4433967 /* Build configuration list for PBXNativeTarget "ScreenshotTool" */ = {
			isa = XCConfigurationList;
			buildConfigurations = (
				CFA622EFAC85EEC2802E1AA5 /* Debug */,
				65AB9EE3D62FC32C2DFF79FD /* Release */,
			);
			defaultConfigurationIsVisible = 0;
			defaultConfigurationName = Debug;
		};
/* End XCConfigurationList section */
	};
	rootObject = 055C17E77B676589DDB772A6 /* Project object */;
}
